{
  "name": "miniprogram",
  "version": "1.0.0",
  "lockfileVersion": 1,
  "requires": true,
  "dependencies": {
    "vant-weapp": {
      "version": "1.0.0-beta.0",
      "resolved": "https://registry.npmjs.org/vant-weapp/-/vant-weapp-1.0.0-beta.0.tgz",
      "integrity": "sha512-5lFcQfibygU1WTLe/54vICmOfuOPgdfh8M4rUJXUBT8v7gqrql3QNIjv2T9/cJn0Oh8xK4LRZckHmAr50HWr6g=="
    }
  }
}
