{
  "name": "miniprogram",
  "version": "1.0.0",
  "lockfileVersion": 1,
  "requires": true,
  "dependencies": {
    "vant-weapp": {
      "version": "0.5.22",
      "resolved": "https://registry.npmjs.org/vant-weapp/-/vant-weapp-0.5.22.tgz",
      "integrity": "sha512-tzmm5O0mfpnVchrRRWsZyRflV4yQloMtRZM+q5PoE0CfxRdTnP9CN9ZVsCLh4D8/0X3bGmxAddakwM9xNenAfA=="
    }
  }
}
